
Microsoft Visual Studio Solution File, Format Version 12.00
# Visual Studio Version 16
VisualStudioVersion = 16.0.31410.357
MinimumVisualStudioVersion = 10.0.40219.1
Project("{FAE04EC0-301F-11D3-BF4B-00C04F79EFBC}") = "Decorator", "Decorator\Decorator.csproj", "{C09870BB-84DF-4BD3-A387-3F173D13A389}"
EndProject
Global
	GlobalSection(SolutionConfigurationPlatforms) = preSolution
		Debug|Any CPU = Debug|Any CPU
		Release|Any CPU = Release|Any CPU
	EndGlobalSection
	GlobalSection(ProjectConfigurationPlatforms) = postSolution
		{C09870BB-84DF-4BD3-A387-3F173D13A389}.Debug|Any CPU.ActiveCfg = Debug|Any CPU
		{C09870BB-84DF-4BD3-A387-3F173D13A389}.Debug|Any CPU.Build.0 = Debug|Any CPU
		{C09870BB-84DF-4BD3-A387-3F173D13A389}.Release|Any CPU.ActiveCfg = Release|Any CPU
		{C09870BB-84DF-4BD3-A387-3F173D13A389}.Release|Any CPU.Build.0 = Release|Any CPU
	EndGlobalSection
	GlobalSection(SolutionProperties) = preSolution
		HideSolutionNode = FALSE
	EndGlobalSection
	GlobalSection(ExtensibilityGlobals) = postSolution
		SolutionGuid = {6A5B0863-E8E4-4E64-B9CC-5B457F7E78A8}
	EndGlobalSection
EndGlobal
