
Microsoft Visual Studio Solution File, Format Version 12.00
# Visual Studio Version 16
VisualStudioVersion = 16.0.31410.357
MinimumVisualStudioVersion = 10.0.40219.1
Project("{FAE04EC0-301F-11D3-BF4B-00C04F79EFBC}") = "AbstractFactory", "AbstractFactory\AbstractFactory.csproj", "{57547EA4-9A83-4414-96EC-D15D8AD4EC6D}"
EndProject
Global
	GlobalSection(SolutionConfigurationPlatforms) = preSolution
		Debug|Any CPU = Debug|Any CPU
		Release|Any CPU = Release|Any CPU
	EndGlobalSection
	GlobalSection(ProjectConfigurationPlatforms) = postSolution
		{57547EA4-9A83-4414-96EC-D15D8AD4EC6D}.Debug|Any CPU.ActiveCfg = Debug|Any CPU
		{57547EA4-9A83-4414-96EC-D15D8AD4EC6D}.Debug|Any CPU.Build.0 = Debug|Any CPU
		{57547EA4-9A83-4414-96EC-D15D8AD4EC6D}.Release|Any CPU.ActiveCfg = Release|Any CPU
		{57547EA4-9A83-4414-96EC-D15D8AD4EC6D}.Release|Any CPU.Build.0 = Release|Any CPU
	EndGlobalSection
	GlobalSection(SolutionProperties) = preSolution
		HideSolutionNode = FALSE
	EndGlobalSection
	GlobalSection(ExtensibilityGlobals) = postSolution
		SolutionGuid = {8691D165-13C4-4255-A6EE-D9943D7B7704}
	EndGlobalSection
EndGlobal
